
Microsoft Visual Studio Solution File, Format Version 12.00
Project("{FAE04EC0-301F-11D3-BF4B-00C04F79EFBC}") = "Rinha2025", "Rinha2025.csproj", "{483D7A5E-3BB1-41C6-9CC4-E23406DA6E1E}"
EndProject
Project("{2150E333-8FDC-42A3-9474-1A3956D46DE8}") = "Solution Items", "Solution Items", "{B04314AC-6F7C-4B09-8101-8935457B404F}"
	ProjectSection(SolutionItems) = preProject
		compose.yaml = compose.yaml
	EndProjectSection
EndProject
Global
	GlobalSection(SolutionConfigurationPlatforms) = preSolution
		Debug|Any CPU = Debug|Any CPU
		Release|Any CPU = Release|Any CPU
	EndGlobalSection
	GlobalSection(ProjectConfigurationPlatforms) = postSolution
		{483D7A5E-3BB1-41C6-9CC4-E23406DA6E1E}.Debug|Any CPU.ActiveCfg = Debug|Any CPU
		{483D7A5E-3BB1-41C6-9CC4-E23406DA6E1E}.Debug|Any CPU.Build.0 = Debug|Any CPU
		{483D7A5E-3BB1-41C6-9CC4-E23406DA6E1E}.Release|Any CPU.ActiveCfg = Release|Any CPU
		{483D7A5E-3BB1-41C6-9CC4-E23406DA6E1E}.Release|Any CPU.Build.0 = Release|Any CPU
	EndGlobalSection
EndGlobal
